{
  "nodes": {
    "lilypond-src": {
      "flake": false,
      "locked": {
        "lastModified": 1787295492,
        "narHash": "sha256-jvoXX5xSy2x9xsnKR4HpZwqLmfT0XgceZW/LWZKiLoI=",
        "owner": "lilypond",
        "repo": "lilypond",
        "rev": "6069e166eb0dbd87f435b8293c1f2c14a5875f05",
        "type": "gitlab"
      },
      "original": {
        "owner": "lilypond",
        "repo": "lilypond",
        "type": "gitlab"
      }
    },
    "nixpkgs": {
      "locked": {
        "lastModified": 1770622275,
        "narHash": "sha256-WqRXmb+x3NmWLEYVADW99I/j0lUC3kWSi4KqlT+YYSE=",
        "owner": "NixOS",
        "repo": "nixpkgs",
        "rev": "4db2c220f32fd162658ed1b7bb2f46a82996ddbe",
        "type": "github"
      },
      "original": {
        "owner": "NixOS",
        "repo": "nixpkgs",
        "rev": "4db2c220f32fd162658ed1b7bb2f46a82996ddbe",
        "type": "github"
      }
    },
    "root": {
      "inputs": {
        "lilypond-src": "lilypond-src",
        "nixpkgs": "nixpkgs"
      }
    }
  },
  "root": "root",
  "version": 7
}
