{
  "nodes": {
    "lilypond-src": {
      "flake": false,
      "locked": {
        "lastModified": 1787912391,
        "narHash": "sha256-+X3iW2TL+lUnZ2bSBRvbxkUPX7YFFb19UdSi+9iLB5E=",
        "owner": "lilypond",
        "repo": "lilypond",
        "rev": "b1311a5694133c9694e180cdbdc693614334d61d",
        "type": "gitlab"
      },
      "original": {
        "owner": "lilypond",
        "repo": "lilypond",
        "type": "gitlab"
      }
    },
    "lilypond-stable-src": {
      "flake": false,
      "locked": {
        "lastModified": 1787514057,
        "narHash": "sha256-0/P7pWXufvqUNQ1cXGoWP9spkbMaJaHNfbOl72OmJf4=",
        "owner": "lilypond",
        "repo": "lilypond",
        "rev": "8d6b320eae92abb23b804820c1ff1c15d69d51d0",
        "type": "gitlab"
      },
      "original": {
        "owner": "lilypond",
        "ref": "stable/2.26",
        "repo": "lilypond",
        "type": "gitlab"
      }
    },
    "nixpkgs": {
      "locked": {
        "lastModified": 1770622275,
        "narHash": "sha256-WqRXmb+x3NmWLEYVADW99I/j0lUC3kWSi4KqlT+YYSE=",
        "owner": "NixOS",
        "repo": "nixpkgs",
        "rev": "4db2c220f32fd162658ed1b7bb2f46a82996ddbe",
        "type": "github"
      },
      "original": {
        "owner": "NixOS",
        "repo": "nixpkgs",
        "rev": "4db2c220f32fd162658ed1b7bb2f46a82996ddbe",
        "type": "github"
      }
    },
    "root": {
      "inputs": {
        "lilypond-src": "lilypond-src",
        "lilypond-stable-src": "lilypond-stable-src",
        "nixpkgs": "nixpkgs"
      }
    }
  },
  "root": "root",
  "version": 7
}
